Microsoft Visual Studio Solution File, Format Version 12.00
# Visual Studio Version 16
VisualStudioVersion = 16.0.31911.196
MinimumVisualStudioVersion = 10.0.40219.1
Project("{FAE04EC0-301F-11D3-BF4B-00C04F79EFBC}") = "netz", "netz\netz.csproj", "{420A7C3C-143F-4D0A-A5C4-763B2F742D47}"
EndProject
Project("{2150E333-8FDC-42A3-9474-1A3956D46DE8}") = "Compress", "Compress", "{DFC22B29-6409-4410-A2D4-5EAF8F2EC0E5}"
EndProject
Project("{FAE04EC0-301F-11D3-BF4B-00C04F79EFBC}") = "defcomp", "compress\defcomp\defcomp.csproj", "{B4D207E3-1ADE-4395-8F95-FFFD0B1CF616}"
EndProject
Project("{FAE04EC0-301F-11D3-BF4B-00C04F79EFBC}") = "net20comp", "compress\net20comp\net20comp.csproj", "{9BEE7B33-E11A-4076-8B77-11B5BAB2504F}"
EndProject
Project("{FAE04EC0-301F-11D3-BF4B-00C04F79EFBC}") = "lib", "compress\lib\lib.csproj", "{392E0F56-7EC3-48CE-8422-1E22699D5AE2}"
EndProject
Project("{FAE04EC0-301F-11D3-BF4B-00C04F79EFBC}") = "ConfuserEx", "ConfuserEx\ConfuserEx.csproj", "{2BFE8F6B-B7CC-4300-8C4C-D19EF219C00C}"
EndProject
Project("{FAE04EC0-301F-11D3-BF4B-00C04F79EFBC}") = "dnlib", "dnlib\dnlib.csproj", "{DC237FDC-9CB4-489F-BFF2-74205F0B8232}"
EndProject
Project("{2150E333-8FDC-42A3-9474-1A3956D46DE8}") = "obfuscation", "obfuscation", "{01B278F9-57E6-4D07-A18A-59211E5C560C}"
EndProject
Global
	GlobalSection(SolutionConfigurationPlatforms) = preSolution
		Debug|Any CPU = Debug|Any CPU
		Debug|x64 = Debug|x64
		Debug|x86 = Debug|x86
		Release|Any CPU = Release|Any CPU
		Release|x64 = Release|x64
		Release|x86 = Release|x86
	EndGlobalSection
	GlobalSection(ProjectConfigurationPlatforms) = postSolution
		{420A7C3C-143F-4D0A-A5C4-763B2F742D47}.Debug|Any CPU.ActiveCfg = Debug|Any CPU
		{420A7C3C-143F-4D0A-A5C4-763B2F742D47}.Debug|Any CPU.Build.0 = Debug|Any CPU
		{420A7C3C-143F-4D0A-A5C4-763B2F742D47}.Debug|x64.ActiveCfg = Debug|x64
		{420A7C3C-143F-4D0A-A5C4-763B2F742D47}.Debug|x64.Build.0 = Debug|x64
		{420A7C3C-143F-4D0A-A5C4-763B2F742D47}.Debug|x86.ActiveCfg = Debug|x86
		{420A7C3C-143F-4D0A-A5C4-763B2F742D47}.Debug|x86.Build.0 = Debug|x86
		{420A7C3C-143F-4D0A-A5C4-763B2F742D47}.Release|Any CPU.ActiveCfg = Release|Any CPU
		{420A7C3C-143F-4D0A-A5C4-763B2F742D47}.Release|Any CPU.Build.0 = Release|Any CPU
		{420A7C3C-143F-4D0A-A5C4-763B2F742D47}.Release|x64.ActiveCfg = Release|x64
		{420A7C3C-143F-4D0A-A5C4-763B2F742D47}.Release|x64.Build.0 = Release|x64
		{420A7C3C-143F-4D0A-A5C4-763B2F742D47}.Release|x86.ActiveCfg = Release|x86
		{420A7C3C-143F-4D0A-A5C4-763B2F742D47}.Release|x86.Build.0 = Release|x86
		{B4D207E3-1ADE-4395-8F95-FFFD0B1CF616}.Debug|Any CPU.ActiveCfg = Debug|Any CPU
		{B4D207E3-1ADE-4395-8F95-FFFD0B1CF616}.Debug|Any CPU.Build.0 = Debug|Any CPU
		{B4D207E3-1ADE-4395-8F95-FFFD0B1CF616}.Debug|x64.ActiveCfg = Debug|Any CPU
		{B4D207E3-1ADE-4395-8F95-FFFD0B1CF616}.Debug|x64.Build.0 = Debug|Any CPU
		{B4D207E3-1ADE-4395-8F95-FFFD0B1CF616}.Debug|x86.ActiveCfg = Debug|Any CPU
		{B4D207E3-1ADE-4395-8F95-FFFD0B1CF616}.Debug|x86.Build.0 = Debug|Any CPU
		{B4D207E3-1ADE-4395-8F95-FFFD0B1CF616}.Release|Any CPU.ActiveCfg = Release|Any CPU
		{B4D207E3-1ADE-4395-8F95-FFFD0B1CF616}.Release|Any CPU.Build.0 = Release|Any CPU
		{B4D207E3-1ADE-4395-8F95-FFFD0B1CF616}.Release|x64.ActiveCfg = Release|Any CPU
		{B4D207E3-1ADE-4395-8F95-FFFD0B1CF616}.Release|x64.Build.0 = Release|Any CPU
		{B4D207E3-1ADE-4395-8F95-FFFD0B1CF616}.Release|x86.ActiveCfg = Release|Any CPU
		{B4D207E3-1ADE-4395-8F95-FFFD0B1CF616}.Release|x86.Build.0 = Release|Any CPU
		{9BEE7B33-E11A-4076-8B77-11B5BAB2504F}.Debug|Any CPU.ActiveCfg = Debug|Any CPU
		{9BEE7B33-E11A-4076-8B77-11B5BAB2504F}.Debug|Any CPU.Build.0 = Debug|Any CPU
		{9BEE7B33-E11A-4076-8B77-11B5BAB2504F}.Debug|x64.ActiveCfg = Debug|Any CPU
		{9BEE7B33-E11A-4076-8B77-11B5BAB2504F}.Debug|x64.Build.0 = Debug|Any CPU
		{9BEE7B33-E11A-4076-8B77-11B5BAB2504F}.Debug|x86.ActiveCfg = Debug|Any CPU
		{9BEE7B33-E11A-4076-8B77-11B5BAB2504F}.Debug|x86.Build.0 = Debug|Any CPU
		{9BEE7B33-E11A-4076-8B77-11B5BAB2504F}.Release|Any CPU.ActiveCfg = Release|Any CPU
		{9BEE7B33-E11A-4076-8B77-11B5BAB2504F}.Release|Any CPU.Build.0 = Release|Any CPU
		{9BEE7B33-E11A-4076-8B77-11B5BAB2504F}.Release|x64.ActiveCfg = Release|Any CPU
		{9BEE7B33-E11A-4076-8B77-11B5BAB2504F}.Release|x64.Build.0 = Release|Any CPU
		{9BEE7B33-E11A-4076-8B77-11B5BAB2504F}.Release|x86.ActiveCfg = Release|Any CPU
		{9BEE7B33-E11A-4076-8B77-11B5BAB2504F}.Release|x86.Build.0 = Release|Any CPU
		{392E0F56-7EC3-48CE-8422-1E22699D5AE2}.Debug|Any CPU.ActiveCfg = Debug|Any CPU
		{392E0F56-7EC3-48CE-8422-1E22699D5AE2}.Debug|Any CPU.Build.0 = Debug|Any CPU
		{392E0F56-7EC3-48CE-8422-1E22699D5AE2}.Debug|x64.ActiveCfg = Debug|Any CPU
		{392E0F56-7EC3-48CE-8422-1E22699D5AE2}.Debug|x64.Build.0 = Debug|Any CPU
		{392E0F56-7EC3-48CE-8422-1E22699D5AE2}.Debug|x86.ActiveCfg = Debug|Any CPU
		{392E0F56-7EC3-48CE-8422-1E22699D5AE2}.Debug|x86.Build.0 = Debug|Any CPU
		{392E0F56-7EC3-48CE-8422-1E22699D5AE2}.Release|Any CPU.ActiveCfg = Release|Any CPU
		{392E0F56-7EC3-48CE-8422-1E22699D5AE2}.Release|Any CPU.Build.0 = Release|Any CPU
		{392E0F56-7EC3-48CE-8422-1E22699D5AE2}.Release|x64.ActiveCfg = Release|Any CPU
		{392E0F56-7EC3-48CE-8422-1E22699D5AE2}.Release|x64.Build.0 = Release|Any CPU
		{392E0F56-7EC3-48CE-8422-1E22699D5AE2}.Release|x86.ActiveCfg = Release|Any CPU
		{392E0F56-7EC3-48CE-8422-1E22699D5AE2}.Release|x86.Build.0 = Release|Any CPU
		{2BFE8F6B-B7CC-4300-8C4C-D19EF219C00C}.Debug|Any CPU.ActiveCfg = Debug|Any CPU
		{2BFE8F6B-B7CC-4300-8C4C-D19EF219C00C}.Debug|Any CPU.Build.0 = Debug|Any CPU
		{2BFE8F6B-B7CC-4300-8C4C-D19EF219C00C}.Debug|x64.ActiveCfg = Debug|Any CPU
		{2BFE8F6B-B7CC-4300-8C4C-D19EF219C00C}.Debug|x64.Build.0 = Debug|Any CPU
		{2BFE8F6B-B7CC-4300-8C4C-D19EF219C00C}.Debug|x86.ActiveCfg = Debug|Any CPU
		{2BFE8F6B-B7CC-4300-8C4C-D19EF219C00C}.Debug|x86.Build.0 = Debug|Any CPU
		{2BFE8F6B-B7CC-4300-8C4C-D19EF219C00C}.Release|Any CPU.ActiveCfg = Release|Any CPU
		{2BFE8F6B-B7CC-4300-8C4C-D19EF219C00C}.Release|Any CPU.Build.0 = Release|Any CPU
		{2BFE8F6B-B7CC-4300-8C4C-D19EF219C00C}.Release|x64.ActiveCfg = Release|Any CPU
		{2BFE8F6B-B7CC-4300-8C4C-D19EF219C00C}.Release|x64.Build.0 = Release|Any CPU
		{2BFE8F6B-B7CC-4300-8C4C-D19EF219C00C}.Release|x86.ActiveCfg = Release|Any CPU
		{2BFE8F6B-B7CC-4300-8C4C-D19EF219C00C}.Release|x86.Build.0 = Release|Any CPU
		{DC237FDC-9CB4-489F-BFF2-74205F0B8232}.Debug|Any CPU.ActiveCfg = Debug|Any CPU
		{DC237FDC-9CB4-489F-BFF2-74205F0B8232}.Debug|Any CPU.Build.0 = Debug|Any CPU
		{DC237FDC-9CB4-489F-BFF2-74205F0B8232}.Debug|x64.ActiveCfg = Debug|Any CPU
		{DC237FDC-9CB4-489F-BFF2-74205F0B8232}.Debug|x64.Build.0 = Debug|Any CPU
		{DC237FDC-9CB4-489F-BFF2-74205F0B8232}.Debug|x86.ActiveCfg = Debug|Any CPU
		{DC237FDC-9CB4-489F-BFF2-74205F0B8232}.Debug|x86.Build.0 = Debug|Any CPU
		{DC237FDC-9CB4-489F-BFF2-74205F0B8232}.Release|Any CPU.ActiveCfg = Release|Any CPU
		{DC237FDC-9CB4-489F-BFF2-74205F0B8232}.Release|Any CPU.Build.0 = Release|Any CPU
		{DC237FDC-9CB4-489F-BFF2-74205F0B8232}.Release|x64.ActiveCfg = Release|Any CPU
		{DC237FDC-9CB4-489F-BFF2-74205F0B8232}.Release|x64.Build.0 = Release|Any CPU
		{DC237FDC-9CB4-489F-BFF2-74205F0B8232}.Release|x86.ActiveCfg = Release|Any CPU
		{DC237FDC-9CB4-489F-BFF2-74205F0B8232}.Release|x86.Build.0 = Release|Any CPU
	EndGlobalSection
	GlobalSection(SolutionProperties) = preSolution
		HideSolutionNode = FALSE
	EndGlobalSection
	GlobalSection(NestedProjects) = preSolution
		{B4D207E3-1ADE-4395-8F95-FFFD0B1CF616} = {DFC22B29-6409-4410-A2D4-5EAF8F2EC0E5}
		{9BEE7B33-E11A-4076-8B77-11B5BAB2504F} = {DFC22B29-6409-4410-A2D4-5EAF8F2EC0E5}
		{392E0F56-7EC3-48CE-8422-1E22699D5AE2} = {DFC22B29-6409-4410-A2D4-5EAF8F2EC0E5}
		{2BFE8F6B-B7CC-4300-8C4C-D19EF219C00C} = {01B278F9-57E6-4D07-A18A-59211E5C560C}
		{DC237FDC-9CB4-489F-BFF2-74205F0B8232} = {01B278F9-57E6-4D07-A18A-59211E5C560C}
	EndGlobalSection
	GlobalSection(ExtensibilityGlobals) = postSolution
		SolutionGuid = {B60A9CE7-EC26-4169-A53A-0AC740E43329}
	EndGlobalSection
EndGlobal
